
Microsoft Visual Studio Solution File, Format Version 12.00
# Visual Studio Version 17
VisualStudioVersion = 17.14.36203.30 d17.14
MinimumVisualStudioVersion = 10.0.40219.1
Project("{FAE04EC0-301F-11D3-BF4B-00C04F79EFBC}") = "CorrelationIdDemoAPI", "CorrelationIdDemoAPI\CorrelationIdDemoAPI.csproj", "{B6D2C420-9063-4C56-9671-F56BBABBDA90}"
EndProject
Global
	GlobalSection(SolutionConfigurationPlatforms) = preSolution
		Debug|Any CPU = Debug|Any CPU
		Release|Any CPU = Release|Any CPU
	EndGlobalSection
	GlobalSection(ProjectConfigurationPlatforms) = postSolution
		{B6D2C420-9063-4C56-9671-F56BBABBDA90}.Debug|Any CPU.ActiveCfg = Debug|Any CPU
		{B6D2C420-9063-4C56-9671-F56BBABBDA90}.Debug|Any CPU.Build.0 = Debug|Any CPU
		{B6D2C420-9063-4C56-9671-F56BBABBDA90}.Release|Any CPU.ActiveCfg = Release|Any CPU
		{B6D2C420-9063-4C56-9671-F56BBABBDA90}.Release|Any CPU.Build.0 = Release|Any CPU
	EndGlobalSection
	GlobalSection(SolutionProperties) = preSolution
		HideSolutionNode = FALSE
	EndGlobalSection
	GlobalSection(ExtensibilityGlobals) = postSolution
		SolutionGuid = {0DD355B0-28C1-4179-B9F7-4444AB12D02B}
	EndGlobalSection
EndGlobal
